
Microsoft Visual Studio Solution File, Format Version 12.00
# Visual Studio 2012
Project("{FAE04EC0-301F-11D3-BF4B-00C04F79EFBC}") = "NouchDB", "NouchDB.csproj", "{721154AE-5283-46D2-8299-27BADA0D2F28}"
	ProjectSection(ProjectDependencies) = postProject
		{5A742A93-8035-46F4-B132-DB614BDFBBD7} = {5A742A93-8035-46F4-B132-DB614BDFBBD7}
		{35DFF1F0-743A-42BB-8C04-2FDFAEB13587} = {35DFF1F0-743A-42BB-8C04-2FDFAEB13587}
	EndProjectSection
EndProject
Project("{FAE04EC0-301F-11D3-BF4B-00C04F79EFBC}") = "leveldb-sharp", "leveldb-sharp\leveldb-sharp.csproj", "{8DD96596-38AC-46DD-80C1-75D9EBE585EA}"
EndProject
Project("{FAE04EC0-301F-11D3-BF4B-00C04F79EFBC}") = "leveldb-sharp-tests", "leveldb-sharp\leveldb-sharp-tests.csproj", "{35DFF1F0-743A-42BB-8C04-2FDFAEB13587}"
EndProject
Project("{8BC9CEB8-8B4A-11D0-8D11-00A0C91BC942}") = "Leveldb", "leveldb\win\Leveldb.vcxproj", "{5A742A93-8035-46F4-B132-DB614BDFBBD7}"
EndProject
Project("{FAE04EC0-301F-11D3-BF4B-00C04F79EFBC}") = "NouchDBTests", "NouchDBTests\NouchDBTests.csproj", "{A38B81BD-5C19-4A06-A150-FB1EBB8BD62E}"
EndProject
Global
	GlobalSection(SolutionConfigurationPlatforms) = preSolution
		Debug|Any CPU = Debug|Any CPU
		Debug|Mixed Platforms = Debug|Mixed Platforms
		Debug|Win32 = Debug|Win32
		Debug|x64 = Debug|x64
		Debug|x86 = Debug|x86
		Release|Any CPU = Release|Any CPU
		Release|Mixed Platforms = Release|Mixed Platforms
		Release|Win32 = Release|Win32
		Release|x64 = Release|x64
		Release|x86 = Release|x86
	EndGlobalSection
	GlobalSection(ProjectConfigurationPlatforms) = postSolution
		{721154AE-5283-46D2-8299-27BADA0D2F28}.Debug|Any CPU.ActiveCfg = Debug|Any CPU
		{721154AE-5283-46D2-8299-27BADA0D2F28}.Debug|Any CPU.Build.0 = Debug|Any CPU
		{721154AE-5283-46D2-8299-27BADA0D2F28}.Debug|Mixed Platforms.ActiveCfg = Debug|Any CPU
		{721154AE-5283-46D2-8299-27BADA0D2F28}.Debug|Mixed Platforms.Build.0 = Debug|Any CPU
		{721154AE-5283-46D2-8299-27BADA0D2F28}.Debug|Win32.ActiveCfg = Debug|Any CPU
		{721154AE-5283-46D2-8299-27BADA0D2F28}.Debug|x64.ActiveCfg = Debug|Any CPU
		{721154AE-5283-46D2-8299-27BADA0D2F28}.Debug|x86.ActiveCfg = Debug|Any CPU
		{721154AE-5283-46D2-8299-27BADA0D2F28}.Release|Any CPU.ActiveCfg = Release|Any CPU
		{721154AE-5283-46D2-8299-27BADA0D2F28}.Release|Any CPU.Build.0 = Release|Any CPU
		{721154AE-5283-46D2-8299-27BADA0D2F28}.Release|Mixed Platforms.ActiveCfg = Release|Any CPU
		{721154AE-5283-46D2-8299-27BADA0D2F28}.Release|Mixed Platforms.Build.0 = Release|Any CPU
		{721154AE-5283-46D2-8299-27BADA0D2F28}.Release|Win32.ActiveCfg = Release|Any CPU
		{721154AE-5283-46D2-8299-27BADA0D2F28}.Release|x64.ActiveCfg = Release|Any CPU
		{721154AE-5283-46D2-8299-27BADA0D2F28}.Release|x86.ActiveCfg = Release|Any CPU
		{8DD96596-38AC-46DD-80C1-75D9EBE585EA}.Debug|Any CPU.ActiveCfg = Debug|Any CPU
		{8DD96596-38AC-46DD-80C1-75D9EBE585EA}.Debug|Any CPU.Build.0 = Debug|Any CPU
		{8DD96596-38AC-46DD-80C1-75D9EBE585EA}.Debug|Mixed Platforms.ActiveCfg = Debug|x86
		{8DD96596-38AC-46DD-80C1-75D9EBE585EA}.Debug|Mixed Platforms.Build.0 = Debug|x86
		{8DD96596-38AC-46DD-80C1-75D9EBE585EA}.Debug|Win32.ActiveCfg = Debug|x86
		{8DD96596-38AC-46DD-80C1-75D9EBE585EA}.Debug|Win32.Build.0 = Debug|x86
		{8DD96596-38AC-46DD-80C1-75D9EBE585EA}.Debug|x64.ActiveCfg = Debug|x64
		{8DD96596-38AC-46DD-80C1-75D9EBE585EA}.Debug|x64.Build.0 = Debug|x64
		{8DD96596-38AC-46DD-80C1-75D9EBE585EA}.Debug|x86.ActiveCfg = Debug|x86
		{8DD96596-38AC-46DD-80C1-75D9EBE585EA}.Debug|x86.Build.0 = Debug|x86
		{8DD96596-38AC-46DD-80C1-75D9EBE585EA}.Release|Any CPU.ActiveCfg = Release|Any CPU
		{8DD96596-38AC-46DD-80C1-75D9EBE585EA}.Release|Any CPU.Build.0 = Release|Any CPU
		{8DD96596-38AC-46DD-80C1-75D9EBE585EA}.Release|Mixed Platforms.ActiveCfg = Release|x86
		{8DD96596-38AC-46DD-80C1-75D9EBE585EA}.Release|Mixed Platforms.Build.0 = Release|x86
		{8DD96596-38AC-46DD-80C1-75D9EBE585EA}.Release|Win32.ActiveCfg = Release|x86
		{8DD96596-38AC-46DD-80C1-75D9EBE585EA}.Release|Win32.Build.0 = Release|x86
		{8DD96596-38AC-46DD-80C1-75D9EBE585EA}.Release|x64.ActiveCfg = Release|x64
		{8DD96596-38AC-46DD-80C1-75D9EBE585EA}.Release|x64.Build.0 = Release|x64
		{8DD96596-38AC-46DD-80C1-75D9EBE585EA}.Release|x86.ActiveCfg = Release|x86
		{8DD96596-38AC-46DD-80C1-75D9EBE585EA}.Release|x86.Build.0 = Release|x86
		{35DFF1F0-743A-42BB-8C04-2FDFAEB13587}.Debug|Any CPU.ActiveCfg = Debug|Any CPU
		{35DFF1F0-743A-42BB-8C04-2FDFAEB13587}.Debug|Any CPU.Build.0 = Debug|Any CPU
		{35DFF1F0-743A-42BB-8C04-2FDFAEB13587}.Debug|Mixed Platforms.ActiveCfg = Debug|x86
		{35DFF1F0-743A-42BB-8C04-2FDFAEB13587}.Debug|Mixed Platforms.Build.0 = Debug|x86
		{35DFF1F0-743A-42BB-8C04-2FDFAEB13587}.Debug|Win32.ActiveCfg = Debug|x86
		{35DFF1F0-743A-42BB-8C04-2FDFAEB13587}.Debug|Win32.Build.0 = Debug|x86
		{35DFF1F0-743A-42BB-8C04-2FDFAEB13587}.Debug|x64.ActiveCfg = Debug|Any CPU
		{35DFF1F0-743A-42BB-8C04-2FDFAEB13587}.Debug|x86.ActiveCfg = Debug|x86
		{35DFF1F0-743A-42BB-8C04-2FDFAEB13587}.Debug|x86.Build.0 = Debug|x86
		{35DFF1F0-743A-42BB-8C04-2FDFAEB13587}.Release|Any CPU.ActiveCfg = Release|Any CPU
		{35DFF1F0-743A-42BB-8C04-2FDFAEB13587}.Release|Any CPU.Build.0 = Release|Any CPU
		{35DFF1F0-743A-42BB-8C04-2FDFAEB13587}.Release|Mixed Platforms.ActiveCfg = Release|x86
		{35DFF1F0-743A-42BB-8C04-2FDFAEB13587}.Release|Mixed Platforms.Build.0 = Release|x86
		{35DFF1F0-743A-42BB-8C04-2FDFAEB13587}.Release|Win32.ActiveCfg = Release|x86
		{35DFF1F0-743A-42BB-8C04-2FDFAEB13587}.Release|Win32.Build.0 = Release|x86
		{35DFF1F0-743A-42BB-8C04-2FDFAEB13587}.Release|x64.ActiveCfg = Release|Any CPU
		{35DFF1F0-743A-42BB-8C04-2FDFAEB13587}.Release|x86.ActiveCfg = Release|x86
		{35DFF1F0-743A-42BB-8C04-2FDFAEB13587}.Release|x86.Build.0 = Release|x86
		{5A742A93-8035-46F4-B132-DB614BDFBBD7}.Debug|Any CPU.ActiveCfg = Debug|Win32
		{5A742A93-8035-46F4-B132-DB614BDFBBD7}.Debug|Mixed Platforms.ActiveCfg = Debug|Win32
		{5A742A93-8035-46F4-B132-DB614BDFBBD7}.Debug|Mixed Platforms.Build.0 = Debug|Win32
		{5A742A93-8035-46F4-B132-DB614BDFBBD7}.Debug|Win32.ActiveCfg = Debug|Win32
		{5A742A93-8035-46F4-B132-DB614BDFBBD7}.Debug|Win32.Build.0 = Debug|Win32
		{5A742A93-8035-46F4-B132-DB614BDFBBD7}.Debug|x64.ActiveCfg = Debug|Win32
		{5A742A93-8035-46F4-B132-DB614BDFBBD7}.Debug|x86.ActiveCfg = Debug|Win32
		{5A742A93-8035-46F4-B132-DB614BDFBBD7}.Debug|x86.Build.0 = Debug|Win32
		{5A742A93-8035-46F4-B132-DB614BDFBBD7}.Release|Any CPU.ActiveCfg = Release|Win32
		{5A742A93-8035-46F4-B132-DB614BDFBBD7}.Release|Mixed Platforms.ActiveCfg = Release|Win32
		{5A742A93-8035-46F4-B132-DB614BDFBBD7}.Release|Mixed Platforms.Build.0 = Release|Win32
		{5A742A93-8035-46F4-B132-DB614BDFBBD7}.Release|Win32.ActiveCfg = Release|Win32
		{5A742A93-8035-46F4-B132-DB614BDFBBD7}.Release|Win32.Build.0 = Release|Win32
		{5A742A93-8035-46F4-B132-DB614BDFBBD7}.Release|x64.ActiveCfg = Release|Win32
		{5A742A93-8035-46F4-B132-DB614BDFBBD7}.Release|x86.ActiveCfg = Release|Win32
		{5A742A93-8035-46F4-B132-DB614BDFBBD7}.Release|x86.Build.0 = Release|Win32
		{A38B81BD-5C19-4A06-A150-FB1EBB8BD62E}.Debug|Any CPU.ActiveCfg = Debug|Any CPU
		{A38B81BD-5C19-4A06-A150-FB1EBB8BD62E}.Debug|Any CPU.Build.0 = Debug|Any CPU
		{A38B81BD-5C19-4A06-A150-FB1EBB8BD62E}.Debug|Mixed Platforms.ActiveCfg = Debug|Any CPU
		{A38B81BD-5C19-4A06-A150-FB1EBB8BD62E}.Debug|Mixed Platforms.Build.0 = Debug|Any CPU
		{A38B81BD-5C19-4A06-A150-FB1EBB8BD62E}.Debug|Win32.ActiveCfg = Debug|Any CPU
		{A38B81BD-5C19-4A06-A150-FB1EBB8BD62E}.Debug|x64.ActiveCfg = Debug|Any CPU
		{A38B81BD-5C19-4A06-A150-FB1EBB8BD62E}.Debug|x86.ActiveCfg = Debug|Any CPU
		{A38B81BD-5C19-4A06-A150-FB1EBB8BD62E}.Release|Any CPU.ActiveCfg = Release|Any CPU
		{A38B81BD-5C19-4A06-A150-FB1EBB8BD62E}.Release|Any CPU.Build.0 = Release|Any CPU
		{A38B81BD-5C19-4A06-A150-FB1EBB8BD62E}.Release|Mixed Platforms.ActiveCfg = Release|Any CPU
		{A38B81BD-5C19-4A06-A150-FB1EBB8BD62E}.Release|Mixed Platforms.Build.0 = Release|Any CPU
		{A38B81BD-5C19-4A06-A150-FB1EBB8BD62E}.Release|Win32.ActiveCfg = Release|Any CPU
		{A38B81BD-5C19-4A06-A150-FB1EBB8BD62E}.Release|x64.ActiveCfg = Release|Any CPU
		{A38B81BD-5C19-4A06-A150-FB1EBB8BD62E}.Release|x86.ActiveCfg = Release|Any CPU
	EndGlobalSection
	GlobalSection(SolutionProperties) = preSolution
		HideSolutionNode = FALSE
	EndGlobalSection
EndGlobal
