
Microsoft Visual Studio Solution File, Format Version 11.00
# Visual Studio 2010
Project("{8BC9CEB8-8B4A-11D0-8D11-00A0C91BC942}") = "Leveldb", "Leveldb.vcxproj", "{5A742A93-8035-46F4-B132-DB614BDFBBD7}"
EndProject
Project("{8BC9CEB8-8B4A-11D0-8D11-00A0C91BC942}") = "CorruptionTest", "CorruptionTest.vcxproj", "{FC373AA6-EEFC-4CF7-B567-449D0E4D1ECE}"
	ProjectSection(ProjectDependencies) = postProject
		{5A742A93-8035-46F4-B132-DB614BDFBBD7} = {5A742A93-8035-46F4-B132-DB614BDFBBD7}
	EndProjectSection
EndProject
Project("{8BC9CEB8-8B4A-11D0-8D11-00A0C91BC942}") = "DbFormatTest", "DbFormatTest.vcxproj", "{AEC208B7-5AF9-459C-B7F4-E6A570D53357}"
	ProjectSection(ProjectDependencies) = postProject
		{5A742A93-8035-46F4-B132-DB614BDFBBD7} = {5A742A93-8035-46F4-B132-DB614BDFBBD7}
	EndProjectSection
EndProject
Project("{8BC9CEB8-8B4A-11D0-8D11-00A0C91BC942}") = "DbBench", "DbBench.vcxproj", "{1A73CE20-35BD-4694-B381-942C937B17C1}"
	ProjectSection(ProjectDependencies) = postProject
		{5A742A93-8035-46F4-B132-DB614BDFBBD7} = {5A742A93-8035-46F4-B132-DB614BDFBBD7}
	EndProjectSection
EndProject
Project("{8BC9CEB8-8B4A-11D0-8D11-00A0C91BC942}") = "DbTest", "DbTest.vcxproj", "{D5639E07-9EF6-451D-9940-6927CF877561}"
	ProjectSection(ProjectDependencies) = postProject
		{5A742A93-8035-46F4-B132-DB614BDFBBD7} = {5A742A93-8035-46F4-B132-DB614BDFBBD7}
	EndProjectSection
EndProject
Project("{8BC9CEB8-8B4A-11D0-8D11-00A0C91BC942}") = "FileNameTest", "FileNameTest.vcxproj", "{3B37F521-39A6-4218-B986-50BF5B901707}"
	ProjectSection(ProjectDependencies) = postProject
		{5A742A93-8035-46F4-B132-DB614BDFBBD7} = {5A742A93-8035-46F4-B132-DB614BDFBBD7}
	EndProjectSection
EndProject
Project("{8BC9CEB8-8B4A-11D0-8D11-00A0C91BC942}") = "LogTest", "LogTest.vcxproj", "{41E0AD9F-24AA-449A-870A-83E2E4320FE0}"
	ProjectSection(ProjectDependencies) = postProject
		{5A742A93-8035-46F4-B132-DB614BDFBBD7} = {5A742A93-8035-46F4-B132-DB614BDFBBD7}
	EndProjectSection
EndProject
Project("{8BC9CEB8-8B4A-11D0-8D11-00A0C91BC942}") = "SkipListTest", "SkipListTest.vcxproj", "{3618B9D7-53F2-423B-9E45-C47E319F3A3D}"
	ProjectSection(ProjectDependencies) = postProject
		{5A742A93-8035-46F4-B132-DB614BDFBBD7} = {5A742A93-8035-46F4-B132-DB614BDFBBD7}
	EndProjectSection
EndProject
Project("{8BC9CEB8-8B4A-11D0-8D11-00A0C91BC942}") = "VersionEditTest", "VersionEditTest.vcxproj", "{BDCEB6FF-C1FE-4628-8629-B9DD788B079A}"
	ProjectSection(ProjectDependencies) = postProject
		{5A742A93-8035-46F4-B132-DB614BDFBBD7} = {5A742A93-8035-46F4-B132-DB614BDFBBD7}
	EndProjectSection
EndProject
Project("{8BC9CEB8-8B4A-11D0-8D11-00A0C91BC942}") = "VersionSetTest", "VersionSetTest.vcxproj", "{0936D866-FBC2-480C-83CB-DB74DCD86E8B}"
	ProjectSection(ProjectDependencies) = postProject
		{5A742A93-8035-46F4-B132-DB614BDFBBD7} = {5A742A93-8035-46F4-B132-DB614BDFBBD7}
	EndProjectSection
EndProject
Project("{8BC9CEB8-8B4A-11D0-8D11-00A0C91BC942}") = "WriteBatchTest", "WriteBatchTest.vcxproj", "{8C73E8EF-005B-422C-BC25-1E9B25952948}"
	ProjectSection(ProjectDependencies) = postProject
		{5A742A93-8035-46F4-B132-DB614BDFBBD7} = {5A742A93-8035-46F4-B132-DB614BDFBBD7}
	EndProjectSection
EndProject
Project("{8BC9CEB8-8B4A-11D0-8D11-00A0C91BC942}") = "TableTest", "TableTest.vcxproj", "{347819CD-D9AA-4E81-A10F-B13CEC1DCC4A}"
	ProjectSection(ProjectDependencies) = postProject
		{5A742A93-8035-46F4-B132-DB614BDFBBD7} = {5A742A93-8035-46F4-B132-DB614BDFBBD7}
	EndProjectSection
EndProject
Project("{8BC9CEB8-8B4A-11D0-8D11-00A0C91BC942}") = "ArenaTest", "ArenaTest.vcxproj", "{1379F57C-B99B-4950-962C-16D6DFF2125C}"
	ProjectSection(ProjectDependencies) = postProject
		{5A742A93-8035-46F4-B132-DB614BDFBBD7} = {5A742A93-8035-46F4-B132-DB614BDFBBD7}
	EndProjectSection
EndProject
Project("{8BC9CEB8-8B4A-11D0-8D11-00A0C91BC942}") = "CacheTest", "CacheTest.vcxproj", "{42BF4D1A-8C59-4B40-A626-527188973F27}"
	ProjectSection(ProjectDependencies) = postProject
		{5A742A93-8035-46F4-B132-DB614BDFBBD7} = {5A742A93-8035-46F4-B132-DB614BDFBBD7}
	EndProjectSection
EndProject
Project("{8BC9CEB8-8B4A-11D0-8D11-00A0C91BC942}") = "CodingTest", "CodingTest.vcxproj", "{F08A8993-0C7D-4848-AEE7-A7BFE7ADB34B}"
	ProjectSection(ProjectDependencies) = postProject
		{5A742A93-8035-46F4-B132-DB614BDFBBD7} = {5A742A93-8035-46F4-B132-DB614BDFBBD7}
	EndProjectSection
EndProject
Project("{8BC9CEB8-8B4A-11D0-8D11-00A0C91BC942}") = "Crc32cTest", "Crc32cTest.vcxproj", "{9DF66F41-4BD8-4392-9FEB-F9E8976C7EC9}"
	ProjectSection(ProjectDependencies) = postProject
		{5A742A93-8035-46F4-B132-DB614BDFBBD7} = {5A742A93-8035-46F4-B132-DB614BDFBBD7}
	EndProjectSection
EndProject
Project("{8BC9CEB8-8B4A-11D0-8D11-00A0C91BC942}") = "EnvTest", "EnvTest.vcxproj", "{5EC691FA-EEAF-4C56-883C-A895A8032E7E}"
	ProjectSection(ProjectDependencies) = postProject
		{5A742A93-8035-46F4-B132-DB614BDFBBD7} = {5A742A93-8035-46F4-B132-DB614BDFBBD7}
	EndProjectSection
EndProject
Project("{8BC9CEB8-8B4A-11D0-8D11-00A0C91BC942}") = "MemEnvTest", "MemEnvTest.vcxproj", "{33FB55B8-EFB4-47FE-B0FF-24287B50D294}"
	ProjectSection(ProjectDependencies) = postProject
		{5A742A93-8035-46F4-B132-DB614BDFBBD7} = {5A742A93-8035-46F4-B132-DB614BDFBBD7}
	EndProjectSection
EndProject
Project("{8BC9CEB8-8B4A-11D0-8D11-00A0C91BC942}") = "CTest", "CTest.vcxproj", "{736F33CC-9094-4F01-91A5-DCD350D4090C}"
	ProjectSection(ProjectDependencies) = postProject
		{5A742A93-8035-46F4-B132-DB614BDFBBD7} = {5A742A93-8035-46F4-B132-DB614BDFBBD7}
	EndProjectSection
EndProject
Global
	GlobalSection(SolutionConfigurationPlatforms) = preSolution
		Debug|Win32 = Debug|Win32
		Release|Win32 = Release|Win32
	EndGlobalSection
	GlobalSection(ProjectConfigurationPlatforms) = postSolution
		{5A742A93-8035-46F4-B132-DB614BDFBBD7}.Debug|Win32.ActiveCfg = Debug|Win32
		{5A742A93-8035-46F4-B132-DB614BDFBBD7}.Debug|Win32.Build.0 = Debug|Win32
		{5A742A93-8035-46F4-B132-DB614BDFBBD7}.Release|Win32.ActiveCfg = Release|Win32
		{5A742A93-8035-46F4-B132-DB614BDFBBD7}.Release|Win32.Build.0 = Release|Win32
		{FC373AA6-EEFC-4CF7-B567-449D0E4D1ECE}.Debug|Win32.ActiveCfg = Debug|Win32
		{FC373AA6-EEFC-4CF7-B567-449D0E4D1ECE}.Release|Win32.ActiveCfg = Release|Win32
		{AEC208B7-5AF9-459C-B7F4-E6A570D53357}.Debug|Win32.ActiveCfg = Debug|Win32
		{AEC208B7-5AF9-459C-B7F4-E6A570D53357}.Release|Win32.ActiveCfg = Release|Win32
		{1A73CE20-35BD-4694-B381-942C937B17C1}.Debug|Win32.ActiveCfg = Debug|Win32
		{1A73CE20-35BD-4694-B381-942C937B17C1}.Release|Win32.ActiveCfg = Release|Win32
		{D5639E07-9EF6-451D-9940-6927CF877561}.Debug|Win32.ActiveCfg = Debug|Win32
		{D5639E07-9EF6-451D-9940-6927CF877561}.Release|Win32.ActiveCfg = Release|Win32
		{3B37F521-39A6-4218-B986-50BF5B901707}.Debug|Win32.ActiveCfg = Debug|Win32
		{3B37F521-39A6-4218-B986-50BF5B901707}.Release|Win32.ActiveCfg = Release|Win32
		{41E0AD9F-24AA-449A-870A-83E2E4320FE0}.Debug|Win32.ActiveCfg = Debug|Win32
		{41E0AD9F-24AA-449A-870A-83E2E4320FE0}.Release|Win32.ActiveCfg = Release|Win32
		{3618B9D7-53F2-423B-9E45-C47E319F3A3D}.Debug|Win32.ActiveCfg = Debug|Win32
		{3618B9D7-53F2-423B-9E45-C47E319F3A3D}.Release|Win32.ActiveCfg = Release|Win32
		{BDCEB6FF-C1FE-4628-8629-B9DD788B079A}.Debug|Win32.ActiveCfg = Debug|Win32
		{BDCEB6FF-C1FE-4628-8629-B9DD788B079A}.Release|Win32.ActiveCfg = Release|Win32
		{0936D866-FBC2-480C-83CB-DB74DCD86E8B}.Debug|Win32.ActiveCfg = Debug|Win32
		{0936D866-FBC2-480C-83CB-DB74DCD86E8B}.Release|Win32.ActiveCfg = Release|Win32
		{8C73E8EF-005B-422C-BC25-1E9B25952948}.Debug|Win32.ActiveCfg = Debug|Win32
		{8C73E8EF-005B-422C-BC25-1E9B25952948}.Release|Win32.ActiveCfg = Release|Win32
		{347819CD-D9AA-4E81-A10F-B13CEC1DCC4A}.Debug|Win32.ActiveCfg = Debug|Win32
		{347819CD-D9AA-4E81-A10F-B13CEC1DCC4A}.Release|Win32.ActiveCfg = Release|Win32
		{1379F57C-B99B-4950-962C-16D6DFF2125C}.Debug|Win32.ActiveCfg = Debug|Win32
		{1379F57C-B99B-4950-962C-16D6DFF2125C}.Release|Win32.ActiveCfg = Release|Win32
		{42BF4D1A-8C59-4B40-A626-527188973F27}.Debug|Win32.ActiveCfg = Debug|Win32
		{42BF4D1A-8C59-4B40-A626-527188973F27}.Release|Win32.ActiveCfg = Release|Win32
		{F08A8993-0C7D-4848-AEE7-A7BFE7ADB34B}.Debug|Win32.ActiveCfg = Debug|Win32
		{F08A8993-0C7D-4848-AEE7-A7BFE7ADB34B}.Release|Win32.ActiveCfg = Release|Win32
		{9DF66F41-4BD8-4392-9FEB-F9E8976C7EC9}.Debug|Win32.ActiveCfg = Debug|Win32
		{9DF66F41-4BD8-4392-9FEB-F9E8976C7EC9}.Release|Win32.ActiveCfg = Release|Win32
		{5EC691FA-EEAF-4C56-883C-A895A8032E7E}.Debug|Win32.ActiveCfg = Debug|Win32
		{5EC691FA-EEAF-4C56-883C-A895A8032E7E}.Release|Win32.ActiveCfg = Release|Win32
		{33FB55B8-EFB4-47FE-B0FF-24287B50D294}.Debug|Win32.ActiveCfg = Debug|Win32
		{33FB55B8-EFB4-47FE-B0FF-24287B50D294}.Release|Win32.ActiveCfg = Release|Win32
		{736F33CC-9094-4F01-91A5-DCD350D4090C}.Debug|Win32.ActiveCfg = Debug|Win32
		{736F33CC-9094-4F01-91A5-DCD350D4090C}.Release|Win32.ActiveCfg = Release|Win32
	EndGlobalSection
	GlobalSection(SolutionProperties) = preSolution
		HideSolutionNode = FALSE
	EndGlobalSection
EndGlobal
